
Microsoft Visual Studio Solution File, Format Version 12.00
# Visual Studio Version 16
VisualStudioVersion = 16.0.30523.141
MinimumVisualStudioVersion = 10.0.40219.1
Project("{9A19103F-16F7-4668-BE54-9A1E7A4F7556}") = "KampIntro", "KampIntro\KampIntro.csproj", "{CE575609-583C-4E18-BCB2-E32F873A2FCE}"
EndProject
Project("{9A19103F-16F7-4668-BE54-9A1E7A4F7556}") = "Donguler", "Donguler\Donguler.csproj", "{3AF9450A-6C80-4D8B-9C82-7E4ECD629441}"
EndProject
Project("{9A19103F-16F7-4668-BE54-9A1E7A4F7556}") = "ClassIntro", "ClassIntro\ClassIntro.csproj", "{35632F9E-D168-4BD7-9F2C-CD7BB8EF3C15}"
EndProject
Project("{9A19103F-16F7-4668-BE54-9A1E7A4F7556}") = "Metodlar", "Metodlar\Metodlar.csproj", "{05DE8496-424E-4EF2-A5B0-367ABE12D77B}"
EndProject
Project("{9A19103F-16F7-4668-BE54-9A1E7A4F7556}") = "Matematik", "Matematik\Matematik.csproj", "{4FEADD50-47B5-4C86-A5BC-A4DD73AEFAE2}"
EndProject
Project("{9A19103F-16F7-4668-BE54-9A1E7A4F7556}") = "DegerVeReferansTipler", "DegerVeReferansTipler\DegerVeReferansTipler.csproj", "{B41D3968-4CFA-4E2F-94FD-7680F8561250}"
EndProject
Project("{9A19103F-16F7-4668-BE54-9A1E7A4F7556}") = "OOP1", "OOP1\OOP1.csproj", "{9014D1B7-440A-403D-8724-343F2F72628C}"
EndProject
Project("{9A19103F-16F7-4668-BE54-9A1E7A4F7556}") = "Koleksiyonlar", "Koleksiyonlar\Koleksiyonlar.csproj", "{5B033016-ABC3-4489-800C-B601E5EA8F3C}"
EndProject
Project("{9A19103F-16F7-4668-BE54-9A1E7A4F7556}") = "GenericIntro", "GenericIntro\GenericIntro.csproj", "{97678F72-49EF-4CDD-8836-D87F53013052}"
EndProject
Project("{9A19103F-16F7-4668-BE54-9A1E7A4F7556}") = "ReferenceTypes", "ReferenceTypes\ReferenceTypes.csproj", "{6866734E-F740-431D-B81D-428E6AFDA81F}"
EndProject
Project("{9A19103F-16F7-4668-BE54-9A1E7A4F7556}") = "Constructors", "Constructors\Constructors.csproj", "{DA5ECF1B-B384-4A98-A2C0-5A2C280B1788}"
EndProject
Project("{9A19103F-16F7-4668-BE54-9A1E7A4F7556}") = "Generics", "Generics\Generics.csproj", "{663B5B3A-0596-4E7E-BE07-70A5D6AABA83}"
EndProject
Project("{9A19103F-16F7-4668-BE54-9A1E7A4F7556}") = "OOP2", "OOP2\OOP2.csproj", "{2D5B815E-81E3-40CB-B621-060F0DFA6F4F}"
EndProject
Project("{9A19103F-16F7-4668-BE54-9A1E7A4F7556}") = "OOP3", "OOP3\OOP3.csproj", "{48F4CB13-BC61-4F53-A22C-60F387D04FEE}"
EndProject
Global
	GlobalSection(SolutionConfigurationPlatforms) = preSolution
		Debug|Any CPU = Debug|Any CPU
		Release|Any CPU = Release|Any CPU
	EndGlobalSection
	GlobalSection(ProjectConfigurationPlatforms) = postSolution
		{CE575609-583C-4E18-BCB2-E32F873A2FCE}.Debug|Any CPU.ActiveCfg = Debug|Any CPU
		{CE575609-583C-4E18-BCB2-E32F873A2FCE}.Debug|Any CPU.Build.0 = Debug|Any CPU
		{CE575609-583C-4E18-BCB2-E32F873A2FCE}.Release|Any CPU.ActiveCfg = Release|Any CPU
		{CE575609-583C-4E18-BCB2-E32F873A2FCE}.Release|Any CPU.Build.0 = Release|Any CPU
		{3AF9450A-6C80-4D8B-9C82-7E4ECD629441}.Debug|Any CPU.ActiveCfg = Debug|Any CPU
		{3AF9450A-6C80-4D8B-9C82-7E4ECD629441}.Debug|Any CPU.Build.0 = Debug|Any CPU
		{3AF9450A-6C80-4D8B-9C82-7E4ECD629441}.Release|Any CPU.ActiveCfg = Release|Any CPU
		{3AF9450A-6C80-4D8B-9C82-7E4ECD629441}.Release|Any CPU.Build.0 = Release|Any CPU
		{35632F9E-D168-4BD7-9F2C-CD7BB8EF3C15}.Debug|Any CPU.ActiveCfg = Debug|Any CPU
		{35632F9E-D168-4BD7-9F2C-CD7BB8EF3C15}.Debug|Any CPU.Build.0 = Debug|Any CPU
		{35632F9E-D168-4BD7-9F2C-CD7BB8EF3C15}.Release|Any CPU.ActiveCfg = Release|Any CPU
		{35632F9E-D168-4BD7-9F2C-CD7BB8EF3C15}.Release|Any CPU.Build.0 = Release|Any CPU
		{05DE8496-424E-4EF2-A5B0-367ABE12D77B}.Debug|Any CPU.ActiveCfg = Debug|Any CPU
		{05DE8496-424E-4EF2-A5B0-367ABE12D77B}.Debug|Any CPU.Build.0 = Debug|Any CPU
		{05DE8496-424E-4EF2-A5B0-367ABE12D77B}.Release|Any CPU.ActiveCfg = Release|Any CPU
		{05DE8496-424E-4EF2-A5B0-367ABE12D77B}.Release|Any CPU.Build.0 = Release|Any CPU
		{4FEADD50-47B5-4C86-A5BC-A4DD73AEFAE2}.Debug|Any CPU.ActiveCfg = Debug|Any CPU
		{4FEADD50-47B5-4C86-A5BC-A4DD73AEFAE2}.Debug|Any CPU.Build.0 = Debug|Any CPU
		{4FEADD50-47B5-4C86-A5BC-A4DD73AEFAE2}.Release|Any CPU.ActiveCfg = Release|Any CPU
		{4FEADD50-47B5-4C86-A5BC-A4DD73AEFAE2}.Release|Any CPU.Build.0 = Release|Any CPU
		{B41D3968-4CFA-4E2F-94FD-7680F8561250}.Debug|Any CPU.ActiveCfg = Debug|Any CPU
		{B41D3968-4CFA-4E2F-94FD-7680F8561250}.Debug|Any CPU.Build.0 = Debug|Any CPU
		{B41D3968-4CFA-4E2F-94FD-7680F8561250}.Release|Any CPU.ActiveCfg = Release|Any CPU
		{B41D3968-4CFA-4E2F-94FD-7680F8561250}.Release|Any CPU.Build.0 = Release|Any CPU
		{9014D1B7-440A-403D-8724-343F2F72628C}.Debug|Any CPU.ActiveCfg = Debug|Any CPU
		{9014D1B7-440A-403D-8724-343F2F72628C}.Debug|Any CPU.Build.0 = Debug|Any CPU
		{9014D1B7-440A-403D-8724-343F2F72628C}.Release|Any CPU.ActiveCfg = Release|Any CPU
		{9014D1B7-440A-403D-8724-343F2F72628C}.Release|Any CPU.Build.0 = Release|Any CPU
		{5B033016-ABC3-4489-800C-B601E5EA8F3C}.Debug|Any CPU.ActiveCfg = Debug|Any CPU
		{5B033016-ABC3-4489-800C-B601E5EA8F3C}.Debug|Any CPU.Build.0 = Debug|Any CPU
		{5B033016-ABC3-4489-800C-B601E5EA8F3C}.Release|Any CPU.ActiveCfg = Release|Any CPU
		{5B033016-ABC3-4489-800C-B601E5EA8F3C}.Release|Any CPU.Build.0 = Release|Any CPU
		{97678F72-49EF-4CDD-8836-D87F53013052}.Debug|Any CPU.ActiveCfg = Debug|Any CPU
		{97678F72-49EF-4CDD-8836-D87F53013052}.Debug|Any CPU.Build.0 = Debug|Any CPU
		{97678F72-49EF-4CDD-8836-D87F53013052}.Release|Any CPU.ActiveCfg = Release|Any CPU
		{97678F72-49EF-4CDD-8836-D87F53013052}.Release|Any CPU.Build.0 = Release|Any CPU
		{6866734E-F740-431D-B81D-428E6AFDA81F}.Debug|Any CPU.ActiveCfg = Debug|Any CPU
		{6866734E-F740-431D-B81D-428E6AFDA81F}.Debug|Any CPU.Build.0 = Debug|Any CPU
		{6866734E-F740-431D-B81D-428E6AFDA81F}.Release|Any CPU.ActiveCfg = Release|Any CPU
		{6866734E-F740-431D-B81D-428E6AFDA81F}.Release|Any CPU.Build.0 = Release|Any CPU
		{DA5ECF1B-B384-4A98-A2C0-5A2C280B1788}.Debug|Any CPU.ActiveCfg = Debug|Any CPU
		{DA5ECF1B-B384-4A98-A2C0-5A2C280B1788}.Debug|Any CPU.Build.0 = Debug|Any CPU
		{DA5ECF1B-B384-4A98-A2C0-5A2C280B1788}.Release|Any CPU.ActiveCfg = Release|Any CPU
		{DA5ECF1B-B384-4A98-A2C0-5A2C280B1788}.Release|Any CPU.Build.0 = Release|Any CPU
		{663B5B3A-0596-4E7E-BE07-70A5D6AABA83}.Debug|Any CPU.ActiveCfg = Debug|Any CPU
		{663B5B3A-0596-4E7E-BE07-70A5D6AABA83}.Debug|Any CPU.Build.0 = Debug|Any CPU
		{663B5B3A-0596-4E7E-BE07-70A5D6AABA83}.Release|Any CPU.ActiveCfg = Release|Any CPU
		{663B5B3A-0596-4E7E-BE07-70A5D6AABA83}.Release|Any CPU.Build.0 = Release|Any CPU
		{2D5B815E-81E3-40CB-B621-060F0DFA6F4F}.Debug|Any CPU.ActiveCfg = Debug|Any CPU
		{2D5B815E-81E3-40CB-B621-060F0DFA6F4F}.Debug|Any CPU.Build.0 = Debug|Any CPU
		{2D5B815E-81E3-40CB-B621-060F0DFA6F4F}.Release|Any CPU.ActiveCfg = Release|Any CPU
		{2D5B815E-81E3-40CB-B621-060F0DFA6F4F}.Release|Any CPU.Build.0 = Release|Any CPU
		{48F4CB13-BC61-4F53-A22C-60F387D04FEE}.Debug|Any CPU.ActiveCfg = Debug|Any CPU
		{48F4CB13-BC61-4F53-A22C-60F387D04FEE}.Debug|Any CPU.Build.0 = Debug|Any CPU
		{48F4CB13-BC61-4F53-A22C-60F387D04FEE}.Release|Any CPU.ActiveCfg = Release|Any CPU
		{48F4CB13-BC61-4F53-A22C-60F387D04FEE}.Release|Any CPU.Build.0 = Release|Any CPU
	EndGlobalSection
	GlobalSection(SolutionProperties) = preSolution
		HideSolutionNode = FALSE
	EndGlobalSection
	GlobalSection(ExtensibilityGlobals) = postSolution
		SolutionGuid = {8D3419C0-764B-49AB-B8A8-1C9220EF669B}
	EndGlobalSection
EndGlobal
