
Microsoft Visual Studio Solution File, Format Version 12.00
# Visual Studio Version 16
VisualStudioVersion = 16.0.30523.141
MinimumVisualStudioVersion = 10.0.40219.1
Project("{9A19103F-16F7-4668-BE54-9A1E7A4F7556}") = "KampIntro", "KampIntro\KampIntro.csproj", "{CE575609-583C-4E18-BCB2-E32F873A2FCE}"
EndProject
Project("{9A19103F-16F7-4668-BE54-9A1E7A4F7556}") = "Donguler", "Donguler\Donguler.csproj", "{3AF9450A-6C80-4D8B-9C82-7E4ECD629441}"
EndProject
Project("{9A19103F-16F7-4668-BE54-9A1E7A4F7556}") = "ClassIntro", "ClassIntro\ClassIntro.csproj", "{35632F9E-D168-4BD7-9F2C-CD7BB8EF3C15}"
EndProject
Project("{9A19103F-16F7-4668-BE54-9A1E7A4F7556}") = "ödev1", "ödev1\ödev1.csproj", "{B4B4D1FF-1798-43B6-BE6B-C3EBFCB10644}"
EndProject
Project("{9A19103F-16F7-4668-BE54-9A1E7A4F7556}") = "odev1", "odev1\odev1.csproj", "{CBDACC3B-93AB-483B-843B-E2AC5F3EA95A}"
EndProject
Project("{9A19103F-16F7-4668-BE54-9A1E7A4F7556}") = "Metodlar", "Metodlar\Metodlar.csproj", "{05DE8496-424E-4EF2-A5B0-367ABE12D77B}"
EndProject
Project("{9A19103F-16F7-4668-BE54-9A1E7A4F7556}") = "Matematik", "Matematik\Matematik.csproj", "{4FEADD50-47B5-4C86-A5BC-A4DD73AEFAE2}"
EndProject
Project("{9A19103F-16F7-4668-BE54-9A1E7A4F7556}") = "DegerVeReferansTipler", "DegerVeReferansTipler\DegerVeReferansTipler.csproj", "{B41D3968-4CFA-4E2F-94FD-7680F8561250}"
EndProject
Project("{FAE04EC0-301F-11D3-BF4B-00C04F79EFBC}") = "OOP1", "OOP1\OOP1.csproj", "{9014D1B7-440A-403D-8724-343F2F72628C}"
EndProject
Project("{FAE04EC0-301F-11D3-BF4B-00C04F79EFBC}") = "Koleksiyonlar", "Koleksiyonlar\Koleksiyonlar.csproj", "{5B033016-ABC3-4489-800C-B601E5EA8F3C}"
EndProject
Project("{FAE04EC0-301F-11D3-BF4B-00C04F79EFBC}") = "GenericIntro", "GenericIntro\GenericIntro.csproj", "{97678F72-49EF-4CDD-8836-D87F53013052}"
EndProject
Global
	GlobalSection(SolutionConfigurationPlatforms) = preSolution
		Debug|Any CPU = Debug|Any CPU
		Release|Any CPU = Release|Any CPU
	EndGlobalSection
	GlobalSection(ProjectConfigurationPlatforms) = postSolution
		{CE575609-583C-4E18-BCB2-E32F873A2FCE}.Debug|Any CPU.ActiveCfg = Debug|Any CPU
		{CE575609-583C-4E18-BCB2-E32F873A2FCE}.Debug|Any CPU.Build.0 = Debug|Any CPU
		{CE575609-583C-4E18-BCB2-E32F873A2FCE}.Release|Any CPU.ActiveCfg = Release|Any CPU
		{CE575609-583C-4E18-BCB2-E32F873A2FCE}.Release|Any CPU.Build.0 = Release|Any CPU
		{3AF9450A-6C80-4D8B-9C82-7E4ECD629441}.Debug|Any CPU.ActiveCfg = Debug|Any CPU
		{3AF9450A-6C80-4D8B-9C82-7E4ECD629441}.Debug|Any CPU.Build.0 = Debug|Any CPU
		{3AF9450A-6C80-4D8B-9C82-7E4ECD629441}.Release|Any CPU.ActiveCfg = Release|Any CPU
		{3AF9450A-6C80-4D8B-9C82-7E4ECD629441}.Release|Any CPU.Build.0 = Release|Any CPU
		{35632F9E-D168-4BD7-9F2C-CD7BB8EF3C15}.Debug|Any CPU.ActiveCfg = Debug|Any CPU
		{35632F9E-D168-4BD7-9F2C-CD7BB8EF3C15}.Debug|Any CPU.Build.0 = Debug|Any CPU
		{35632F9E-D168-4BD7-9F2C-CD7BB8EF3C15}.Release|Any CPU.ActiveCfg = Release|Any CPU
		{35632F9E-D168-4BD7-9F2C-CD7BB8EF3C15}.Release|Any CPU.Build.0 = Release|Any CPU
		{B4B4D1FF-1798-43B6-BE6B-C3EBFCB10644}.Debug|Any CPU.ActiveCfg = Debug|Any CPU
		{B4B4D1FF-1798-43B6-BE6B-C3EBFCB10644}.Debug|Any CPU.Build.0 = Debug|Any CPU
		{B4B4D1FF-1798-43B6-BE6B-C3EBFCB10644}.Release|Any CPU.ActiveCfg = Release|Any CPU
		{B4B4D1FF-1798-43B6-BE6B-C3EBFCB10644}.Release|Any CPU.Build.0 = Release|Any CPU
		{CBDACC3B-93AB-483B-843B-E2AC5F3EA95A}.Debug|Any CPU.ActiveCfg = Debug|Any CPU
		{CBDACC3B-93AB-483B-843B-E2AC5F3EA95A}.Debug|Any CPU.Build.0 = Debug|Any CPU
		{CBDACC3B-93AB-483B-843B-E2AC5F3EA95A}.Release|Any CPU.ActiveCfg = Release|Any CPU
		{CBDACC3B-93AB-483B-843B-E2AC5F3EA95A}.Release|Any CPU.Build.0 = Release|Any CPU
		{05DE8496-424E-4EF2-A5B0-367ABE12D77B}.Debug|Any CPU.ActiveCfg = Debug|Any CPU
		{05DE8496-424E-4EF2-A5B0-367ABE12D77B}.Debug|Any CPU.Build.0 = Debug|Any CPU
		{05DE8496-424E-4EF2-A5B0-367ABE12D77B}.Release|Any CPU.ActiveCfg = Release|Any CPU
		{05DE8496-424E-4EF2-A5B0-367ABE12D77B}.Release|Any CPU.Build.0 = Release|Any CPU
		{4FEADD50-47B5-4C86-A5BC-A4DD73AEFAE2}.Debug|Any CPU.ActiveCfg = Debug|Any CPU
		{4FEADD50-47B5-4C86-A5BC-A4DD73AEFAE2}.Debug|Any CPU.Build.0 = Debug|Any CPU
		{4FEADD50-47B5-4C86-A5BC-A4DD73AEFAE2}.Release|Any CPU.ActiveCfg = Release|Any CPU
		{4FEADD50-47B5-4C86-A5BC-A4DD73AEFAE2}.Release|Any CPU.Build.0 = Release|Any CPU
		{B41D3968-4CFA-4E2F-94FD-7680F8561250}.Debug|Any CPU.ActiveCfg = Debug|Any CPU
		{B41D3968-4CFA-4E2F-94FD-7680F8561250}.Debug|Any CPU.Build.0 = Debug|Any CPU
		{B41D3968-4CFA-4E2F-94FD-7680F8561250}.Release|Any CPU.ActiveCfg = Release|Any CPU
		{B41D3968-4CFA-4E2F-94FD-7680F8561250}.Release|Any CPU.Build.0 = Release|Any CPU
		{9014D1B7-440A-403D-8724-343F2F72628C}.Debug|Any CPU.ActiveCfg = Debug|Any CPU
		{9014D1B7-440A-403D-8724-343F2F72628C}.Debug|Any CPU.Build.0 = Debug|Any CPU
		{9014D1B7-440A-403D-8724-343F2F72628C}.Release|Any CPU.ActiveCfg = Release|Any CPU
		{9014D1B7-440A-403D-8724-343F2F72628C}.Release|Any CPU.Build.0 = Release|Any CPU
		{5B033016-ABC3-4489-800C-B601E5EA8F3C}.Debug|Any CPU.ActiveCfg = Debug|Any CPU
		{5B033016-ABC3-4489-800C-B601E5EA8F3C}.Debug|Any CPU.Build.0 = Debug|Any CPU
		{5B033016-ABC3-4489-800C-B601E5EA8F3C}.Release|Any CPU.ActiveCfg = Release|Any CPU
		{5B033016-ABC3-4489-800C-B601E5EA8F3C}.Release|Any CPU.Build.0 = Release|Any CPU
		{97678F72-49EF-4CDD-8836-D87F53013052}.Debug|Any CPU.ActiveCfg = Debug|Any CPU
		{97678F72-49EF-4CDD-8836-D87F53013052}.Debug|Any CPU.Build.0 = Debug|Any CPU
		{97678F72-49EF-4CDD-8836-D87F53013052}.Release|Any CPU.ActiveCfg = Release|Any CPU
		{97678F72-49EF-4CDD-8836-D87F53013052}.Release|Any CPU.Build.0 = Release|Any CPU
	EndGlobalSection
	GlobalSection(SolutionProperties) = preSolution
		HideSolutionNode = FALSE
	EndGlobalSection
	GlobalSection(ExtensibilityGlobals) = postSolution
		SolutionGuid = {8D3419C0-764B-49AB-B8A8-1C9220EF669B}
	EndGlobalSection
EndGlobal
